
Microsoft Visual Studio Solution File, Format Version 12.00
# Visual Studio Version 17
VisualStudioVersion = 17.14.36414.22
MinimumVisualStudioVersion = 10.0.40219.1
Project("{FAE04EC0-301F-11D3-BF4B-00C04F79EFBC}") = "DataMiningBrachy", "DataMiningBrachy\DataMiningBrachy.csproj", "{6914300D-CF72-4D89-A527-33663B84DCA5}"
EndProject
Project("{FAE04EC0-301F-11D3-BF4B-00C04F79EFBC}") = "DataBaseStructure", "..\..\Make_Raystation_Data_StructureCSharp\DataBaseStructure\DataBaseStructure.csproj", "{B0EBDE38-9CFD-4C07-A7C3-C2CABA2F73FE}"
EndProject
Project("{FAE04EC0-301F-11D3-BF4B-00C04F79EFBC}") = "DataBaseFileManager", "..\..\Make_Raystation_Data_StructureCSharp\PatientFileManagerCSharp\DataBaseFileManager.csproj", "{DFD70BD5-9B03-4EA6-9803-052AAE86A33C}"
EndProject
Project("{FAE04EC0-301F-11D3-BF4B-00C04F79EFBC}") = "DataWritingTools", "..\..\Make_Raystation_Data_StructureCSharp\DataWritingTools\DataWritingTools.csproj", "{B8DA5094-37D4-40F0-9D4A-8FD1BD78FEE5}"
EndProject
Project("{FAE04EC0-301F-11D3-BF4B-00C04F79EFBC}") = "UCSD_DataMiningChestwall", "..\..\UCSD_DataMiningChestwall\UCSD_DataMiningChestwall.csproj", "{E63919FC-1A8E-4C52-80D5-863ADA76AC60}"
EndProject
Project("{FAE04EC0-301F-11D3-BF4B-00C04F79EFBC}") = "UCSD_FindingBrachySkin", "UCSD_FindingBrachySkin\UCSD_FindingBrachySkin.csproj", "{01DF7856-79DD-497A-A421-2D65F7CC8DC6}"
EndProject
Project("{FAE04EC0-301F-11D3-BF4B-00C04F79EFBC}") = "FindingHighModulationPatients", "..\..\UCSD_DataMiningHighMod\FindingHighModulationPatients\FindingHighModulationPatients.csproj", "{D7A1E23D-DD00-42A9-BB36-838877848B71}"
EndProject
Project("{FAE04EC0-301F-11D3-BF4B-00C04F79EFBC}") = "FindingHAPatients", "..\..\UCSD_DataMining\FindingHAPatients\FindingHAPatients.csproj", "{7E3AD28F-AC0E-464D-807D-A04D386BC7B2}"
EndProject
Project("{FAE04EC0-301F-11D3-BF4B-00C04F79EFBC}") = "GUIApplication", "..\..\DataMiningGUI\GUIApplication\GUIApplication.csproj", "{C0B8D875-1C2B-4171-9236-0B6CB77DAF77}"
EndProject
Project("{FAE04EC0-301F-11D3-BF4B-00C04F79EFBC}") = "SendEmailCSharp", "..\..\SendEmailCSharp\SendEmailCSharp.csproj", "{8BB6D5C3-FDFF-4D21-8C6E-994E7E3BA2B4}"
EndProject
Global
	GlobalSection(SolutionConfigurationPlatforms) = preSolution
		Debug|Any CPU = Debug|Any CPU
		Release|Any CPU = Release|Any CPU
	EndGlobalSection
	GlobalSection(ProjectConfigurationPlatforms) = postSolution
		{6914300D-CF72-4D89-A527-33663B84DCA5}.Debug|Any CPU.ActiveCfg = Debug|Any CPU
		{6914300D-CF72-4D89-A527-33663B84DCA5}.Debug|Any CPU.Build.0 = Debug|Any CPU
		{6914300D-CF72-4D89-A527-33663B84DCA5}.Release|Any CPU.ActiveCfg = Release|Any CPU
		{6914300D-CF72-4D89-A527-33663B84DCA5}.Release|Any CPU.Build.0 = Release|Any CPU
		{B0EBDE38-9CFD-4C07-A7C3-C2CABA2F73FE}.Debug|Any CPU.ActiveCfg = Debug|Any CPU
		{B0EBDE38-9CFD-4C07-A7C3-C2CABA2F73FE}.Debug|Any CPU.Build.0 = Debug|Any CPU
		{B0EBDE38-9CFD-4C07-A7C3-C2CABA2F73FE}.Release|Any CPU.ActiveCfg = Release|Any CPU
		{B0EBDE38-9CFD-4C07-A7C3-C2CABA2F73FE}.Release|Any CPU.Build.0 = Release|Any CPU
		{DFD70BD5-9B03-4EA6-9803-052AAE86A33C}.Debug|Any CPU.ActiveCfg = Debug|Any CPU
		{DFD70BD5-9B03-4EA6-9803-052AAE86A33C}.Debug|Any CPU.Build.0 = Debug|Any CPU
		{DFD70BD5-9B03-4EA6-9803-052AAE86A33C}.Release|Any CPU.ActiveCfg = Release|Any CPU
		{DFD70BD5-9B03-4EA6-9803-052AAE86A33C}.Release|Any CPU.Build.0 = Release|Any CPU
		{B8DA5094-37D4-40F0-9D4A-8FD1BD78FEE5}.Debug|Any CPU.ActiveCfg = Debug|Any CPU
		{B8DA5094-37D4-40F0-9D4A-8FD1BD78FEE5}.Debug|Any CPU.Build.0 = Debug|Any CPU
		{B8DA5094-37D4-40F0-9D4A-8FD1BD78FEE5}.Release|Any CPU.ActiveCfg = Release|Any CPU
		{B8DA5094-37D4-40F0-9D4A-8FD1BD78FEE5}.Release|Any CPU.Build.0 = Release|Any CPU
		{E63919FC-1A8E-4C52-80D5-863ADA76AC60}.Debug|Any CPU.ActiveCfg = Debug|Any CPU
		{E63919FC-1A8E-4C52-80D5-863ADA76AC60}.Debug|Any CPU.Build.0 = Debug|Any CPU
		{E63919FC-1A8E-4C52-80D5-863ADA76AC60}.Release|Any CPU.ActiveCfg = Release|Any CPU
		{E63919FC-1A8E-4C52-80D5-863ADA76AC60}.Release|Any CPU.Build.0 = Release|Any CPU
		{01DF7856-79DD-497A-A421-2D65F7CC8DC6}.Debug|Any CPU.ActiveCfg = Debug|Any CPU
		{01DF7856-79DD-497A-A421-2D65F7CC8DC6}.Debug|Any CPU.Build.0 = Debug|Any CPU
		{01DF7856-79DD-497A-A421-2D65F7CC8DC6}.Release|Any CPU.ActiveCfg = Release|Any CPU
		{01DF7856-79DD-497A-A421-2D65F7CC8DC6}.Release|Any CPU.Build.0 = Release|Any CPU
		{D7A1E23D-DD00-42A9-BB36-838877848B71}.Debug|Any CPU.ActiveCfg = Debug|Any CPU
		{D7A1E23D-DD00-42A9-BB36-838877848B71}.Debug|Any CPU.Build.0 = Debug|Any CPU
		{D7A1E23D-DD00-42A9-BB36-838877848B71}.Release|Any CPU.ActiveCfg = Release|Any CPU
		{D7A1E23D-DD00-42A9-BB36-838877848B71}.Release|Any CPU.Build.0 = Release|Any CPU
		{7E3AD28F-AC0E-464D-807D-A04D386BC7B2}.Debug|Any CPU.ActiveCfg = Debug|Any CPU
		{7E3AD28F-AC0E-464D-807D-A04D386BC7B2}.Debug|Any CPU.Build.0 = Debug|Any CPU
		{7E3AD28F-AC0E-464D-807D-A04D386BC7B2}.Release|Any CPU.ActiveCfg = Release|Any CPU
		{7E3AD28F-AC0E-464D-807D-A04D386BC7B2}.Release|Any CPU.Build.0 = Release|Any CPU
		{C0B8D875-1C2B-4171-9236-0B6CB77DAF77}.Debug|Any CPU.ActiveCfg = Debug|Any CPU
		{C0B8D875-1C2B-4171-9236-0B6CB77DAF77}.Debug|Any CPU.Build.0 = Debug|Any CPU
		{C0B8D875-1C2B-4171-9236-0B6CB77DAF77}.Release|Any CPU.ActiveCfg = Release|Any CPU
		{C0B8D875-1C2B-4171-9236-0B6CB77DAF77}.Release|Any CPU.Build.0 = Release|Any CPU
		{8BB6D5C3-FDFF-4D21-8C6E-994E7E3BA2B4}.Debug|Any CPU.ActiveCfg = Debug|Any CPU
		{8BB6D5C3-FDFF-4D21-8C6E-994E7E3BA2B4}.Debug|Any CPU.Build.0 = Debug|Any CPU
		{8BB6D5C3-FDFF-4D21-8C6E-994E7E3BA2B4}.Release|Any CPU.ActiveCfg = Release|Any CPU
		{8BB6D5C3-FDFF-4D21-8C6E-994E7E3BA2B4}.Release|Any CPU.Build.0 = Release|Any CPU
	EndGlobalSection
	GlobalSection(SolutionProperties) = preSolution
		HideSolutionNode = FALSE
	EndGlobalSection
	GlobalSection(ExtensibilityGlobals) = postSolution
		SolutionGuid = {870995B3-2D79-4C38-9EB7-B0C16E0700E1}
	EndGlobalSection
EndGlobal
